# This file is generated by running "yarn install" inside your project.
# Manual changes might be lost - proceed with caution!

__metadata:
  version: 8
  cacheKey: 10c0

"@actions/core@npm:2.0.3":
  version: 2.0.3
  resolution: "@actions/core@npm:2.0.3"
  dependencies:
    "@actions/exec": "npm:^2.0.0"
    "@actions/http-client": "npm:^3.0.2"
  checksum: 10c0/aaee1cf8a43ef07549ef7959d66cce85ffc254e3ceb893735b463c73c042596825d5ada067fe513e276da7dc75e78cc4de971748249ace17df7e232fa8081f07
  languageName: node
  linkType: hard

"@actions/exec@npm:2.0.0, @actions/exec@npm:^2.0.0":
  version: 2.0.0
  resolution: "@actions/exec@npm:2.0.0"
  dependencies:
    "@actions/io": "npm:^2.0.0"
  checksum: 10c0/21c7d51e8bd457e39daced34df05ba2b20365b66f3b00e838fc109a3f774d95b12a2aeeb5736d8a1ff1e50bbbea60cb6fb40b550c92d2c2e3ed74b9d6bdfc18b
  languageName: node
  linkType: hard

"@actions/http-client@npm:^3.0.2":
  version: 3.0.2
  resolution: "@actions/http-client@npm:3.0.2"
  dependencies:
    tunnel: "npm:^0.0.6"
    undici: "npm:^6.23.0"
  checksum: 10c0/b58eedef5a76d4341edf66cba5df3acb338e420ea1ab5223c3f5d0bf7f5cfaa56d5a5578f8a0b7a9ce50ccc06a0d2bb74aad4abf8bd7b5606b032bbe0b623c92
  languageName: node
  linkType: hard

"@actions/io@npm:^2.0.0":
  version: 2.0.0
  resolution: "@actions/io@npm:2.0.0"
  checksum: 10c0/b66170cbce7e19b9560f445ebbe0af2d031857efbe759020708745384d7a94b738dc09df2636e0c3049a9172c7b293d09f8a882bf5c25cc86bd19844cef61c41
  languageName: node
  linkType: hard

"detect-changes@workspace:.":
  version: 0.0.0-use.local
  resolution: "detect-changes@workspace:."
  dependencies:
    "@actions/core": "npm:2.0.3"
    "@actions/exec": "npm:2.0.0"
  languageName: unknown
  linkType: soft

"tunnel@npm:^0.0.6":
  version: 0.0.6
  resolution: "tunnel@npm:0.0.6"
  checksum: 10c0/e27e7e896f2426c1c747325b5f54efebc1a004647d853fad892b46d64e37591ccd0b97439470795e5262b5c0748d22beb4489a04a0a448029636670bfd801b75
  languageName: node
  linkType: hard

"undici@npm:^6.23.0":
  version: 6.23.0
  resolution: "undici@npm:6.23.0"
  checksum: 10c0/d846b3fdfd05aa6081ba1eab5db6bbc21b283042c7a43722b86d1ee2bf749d7c990ceac0c809f9a07ffd88b1b0f4c0f548a8362c035088cb1997d63abdda499c
  languageName: node
  linkType: hard
