# This file is generated by running "yarn install" inside your project.
# Manual changes might be lost - proceed with caution!

__metadata:
  version: 8
  cacheKey: 10c0

"@actions/core@npm:2.0.2":
  version: 2.0.2
  resolution: "@actions/core@npm:2.0.2"
  dependencies:
    "@actions/exec": "npm:^2.0.0"
    "@actions/http-client": "npm:^3.0.1"
  checksum: 10c0/933b03d4aacafc9337b493e7e689376ed1d9e824b37f6c8e008668c75dda3add6ff28c61f4e498831e37229f140d20a37f457de9f5089eca7455f603ad59a945
  languageName: node
  linkType: hard

"@actions/exec@npm:2.0.0, @actions/exec@npm:^2.0.0":
  version: 2.0.0
  resolution: "@actions/exec@npm:2.0.0"
  dependencies:
    "@actions/io": "npm:^2.0.0"
  checksum: 10c0/21c7d51e8bd457e39daced34df05ba2b20365b66f3b00e838fc109a3f774d95b12a2aeeb5736d8a1ff1e50bbbea60cb6fb40b550c92d2c2e3ed74b9d6bdfc18b
  languageName: node
  linkType: hard

"@actions/http-client@npm:^3.0.1":
  version: 3.0.1
  resolution: "@actions/http-client@npm:3.0.1"
  dependencies:
    tunnel: "npm:^0.0.6"
    undici: "npm:^5.28.5"
  checksum: 10c0/01c48d6c47225168575630b693ec60bc75fb6e96b7ff244b365fa40915f0e33f656fd7bc5c5d0d96a92727715fb905cb1d4287e6f38fd1f70271fe174de5b0ce
  languageName: node
  linkType: hard

"@actions/io@npm:^2.0.0":
  version: 2.0.0
  resolution: "@actions/io@npm:2.0.0"
  checksum: 10c0/b66170cbce7e19b9560f445ebbe0af2d031857efbe759020708745384d7a94b738dc09df2636e0c3049a9172c7b293d09f8a882bf5c25cc86bd19844cef61c41
  languageName: node
  linkType: hard

"@fastify/busboy@npm:^2.0.0":
  version: 2.1.1
  resolution: "@fastify/busboy@npm:2.1.1"
  checksum: 10c0/6f8027a8cba7f8f7b736718b013f5a38c0476eea67034c94a0d3c375e2b114366ad4419e6a6fa7ffc2ef9c6d3e0435d76dd584a7a1cbac23962fda7650b579e3
  languageName: node
  linkType: hard

"detect-changes@workspace:.":
  version: 0.0.0-use.local
  resolution: "detect-changes@workspace:."
  dependencies:
    "@actions/core": "npm:2.0.2"
    "@actions/exec": "npm:2.0.0"
  languageName: unknown
  linkType: soft

"tunnel@npm:^0.0.6":
  version: 0.0.6
  resolution: "tunnel@npm:0.0.6"
  checksum: 10c0/e27e7e896f2426c1c747325b5f54efebc1a004647d853fad892b46d64e37591ccd0b97439470795e5262b5c0748d22beb4489a04a0a448029636670bfd801b75
  languageName: node
  linkType: hard

"undici@npm:^5.28.5":
  version: 5.29.0
  resolution: "undici@npm:5.29.0"
  dependencies:
    "@fastify/busboy": "npm:^2.0.0"
  checksum: 10c0/e4e4d631ca54ee0ad82d2e90e7798fa00a106e27e6c880687e445cc2f13b4bc87c5eba2a88c266c3eecffb18f26e227b778412da74a23acc374fca7caccec49b
  languageName: node
  linkType: hard
