# This file is generated by running "yarn install" inside your project.
# Manual changes might be lost - proceed with caution!

__metadata:
  version: 8
  cacheKey: 10c0

"@actions/core@npm:2.0.1":
  version: 2.0.1
  resolution: "@actions/core@npm:2.0.1"
  dependencies:
    "@actions/exec": "npm:^2.0.0"
    "@actions/http-client": "npm:^3.0.0"
  checksum: 10c0/710ed76ae43759d5e9eee9217f1ca80a7ab2bda0dc8038b777871d5c745df773cb7a091b7c4da91955f6a06f9df91c36696e2f8458768346913fa6f829d0b088
  languageName: node
  linkType: hard

"@actions/exec@npm:2.0.0, @actions/exec@npm:^2.0.0":
  version: 2.0.0
  resolution: "@actions/exec@npm:2.0.0"
  dependencies:
    "@actions/io": "npm:^2.0.0"
  checksum: 10c0/21c7d51e8bd457e39daced34df05ba2b20365b66f3b00e838fc109a3f774d95b12a2aeeb5736d8a1ff1e50bbbea60cb6fb40b550c92d2c2e3ed74b9d6bdfc18b
  languageName: node
  linkType: hard

"@actions/http-client@npm:^3.0.0":
  version: 3.0.0
  resolution: "@actions/http-client@npm:3.0.0"
  dependencies:
    tunnel: "npm:^0.0.6"
    undici: "npm:^5.28.5"
  checksum: 10c0/2d4452c7dbf36c82ad9117c03c3f7a5c48be15aa5b01f17d0dc6b1eb580f3fac2127f5be33a627c1fbeb117e22db493aa760a0fcd62846cea7d914e702540fe3
  languageName: node
  linkType: hard

"@actions/io@npm:^2.0.0":
  version: 2.0.0
  resolution: "@actions/io@npm:2.0.0"
  checksum: 10c0/b66170cbce7e19b9560f445ebbe0af2d031857efbe759020708745384d7a94b738dc09df2636e0c3049a9172c7b293d09f8a882bf5c25cc86bd19844cef61c41
  languageName: node
  linkType: hard

"@fastify/busboy@npm:^2.0.0":
  version: 2.1.1
  resolution: "@fastify/busboy@npm:2.1.1"
  checksum: 10c0/6f8027a8cba7f8f7b736718b013f5a38c0476eea67034c94a0d3c375e2b114366ad4419e6a6fa7ffc2ef9c6d3e0435d76dd584a7a1cbac23962fda7650b579e3
  languageName: node
  linkType: hard

"check_test_project_fixture@workspace:.":
  version: 0.0.0-use.local
  resolution: "check_test_project_fixture@workspace:."
  dependencies:
    "@actions/core": "npm:2.0.1"
    "@actions/exec": "npm:2.0.0"
  languageName: unknown
  linkType: soft

"tunnel@npm:^0.0.6":
  version: 0.0.6
  resolution: "tunnel@npm:0.0.6"
  checksum: 10c0/e27e7e896f2426c1c747325b5f54efebc1a004647d853fad892b46d64e37591ccd0b97439470795e5262b5c0748d22beb4489a04a0a448029636670bfd801b75
  languageName: node
  linkType: hard

"undici@npm:^5.28.5":
  version: 5.29.0
  resolution: "undici@npm:5.29.0"
  dependencies:
    "@fastify/busboy": "npm:^2.0.0"
  checksum: 10c0/e4e4d631ca54ee0ad82d2e90e7798fa00a106e27e6c880687e445cc2f13b4bc87c5eba2a88c266c3eecffb18f26e227b778412da74a23acc374fca7caccec49b
  languageName: node
  linkType: hard
